{
    "_meta": {
        "hash": {
            "sha256": "4a705d98ef3e839da5b15a9edabfe1366b2439cb89895f20a2c8c14d63213d0f"
        },
        "pipfile-spec": 6,
        "requires": {
            "python_version": "3.7"
        },
        "sources": [
            {
                "name": "pypi",
                "url": "https://pypi.org/simple",
                "verify_ssl": true
            }
        ]
    },
    "default": {
        "certifi": {
            "hashes": [
                "sha256:0d9c601124e5a6ba9712dbc60d9c53c21e34f5f641fe83002317394311bdce14",
                "sha256:90c1a32f1d68f940488354e36370f6cca89f0f106db09518524c88d6ed83f382"
            ],
            "markers": "python_full_version >= '3.6.0'",
            "version": "==2022.9.24"
        },
        "charset-normalizer": {
            "hashes": [
                "sha256:5a3d016c7c547f69d6f81fb0db9449ce888b418b5b9952cc5e6e66843e9dd845",
                "sha256:83e9a75d1911279afd89352c68b45348559d1fc0506b054b346651b5e7fee29f"
            ],
            "markers": "python_full_version >= '3.6.0'",
            "version": "==2.1.1"
        },
        "deprecation": {
            "hashes": [
                "sha256:72b3bde64e5d778694b0cf68178aed03d15e15477116add3fb773e581f9518ff",
                "sha256:a10811591210e1fb0e768a8c25517cabeabcba6f0bf96564f8ff45189f90b14a"
            ],
            "version": "==2.1.0"
        },
        "docopt": {
            "hashes": [
                "sha256:49b3a825280bd66b3aa83585ef59c4a8c82f2c8a522dbe754a8bc8d08c85c491"
            ],
            "version": "==0.6.2"
        },
        "future": {
            "hashes": [
                "sha256:67045236dcfd6816dc439556d009594abf643e5eb48992e36beac09c2ca659b8"
            ],
            "markers": "python_version >= '2.6' and python_version not in '3.0, 3.1, 3.2, 3.3'",
            "version": "==0.17.1"
        },
        "idna": {
            "hashes": [
                "sha256:814f528e8dead7d329833b91c5faa87d60bf71824cd12a7530b5526063d02cb4",
                "sha256:90b77e79eaa3eba6de819a0c442c0b4ceefc341a7a2ab77d7562bf49f425c5c2"
            ],
            "markers": "python_version >= '3.5'",
            "version": "==3.4"
        },
        "joblib": {
            "hashes": [
                "sha256:091138ed78f800342968c523bdde947e7a305b8594b910a0fea2ab83c3c6d385",
                "sha256:e1cee4a79e4af22881164f218d4311f60074197fb707e082e803b61f6d137018"
            ],
            "index": "pypi",
            "version": "==1.2.0"
        },
        "num2words": {
            "hashes": [
                "sha256:7e7c0b0f080405aa3a1dd9d32b1ca90b3bf03bab17b8e54db05e1b78301a0988",
                "sha256:9eeef488658226ab36818c06d7aeb956d19b530fb62030596b6802fb4659f30e"
            ],
            "version": "==0.5.12"
        },
        "numpy": {
            "hashes": [
                "sha256:1dbe1c91269f880e364526649a52eff93ac30035507ae980d2fed33aaee633ac",
                "sha256:357768c2e4451ac241465157a3e929b265dfac85d9214074985b1786244f2ef3",
                "sha256:3820724272f9913b597ccd13a467cc492a0da6b05df26ea09e78b171a0bb9da6",
                "sha256:4391bd07606be175aafd267ef9bea87cf1b8210c787666ce82073b05f202add1",
                "sha256:4aa48afdce4660b0076a00d80afa54e8a97cd49f457d68a4342d188a09451c1a",
                "sha256:58459d3bad03343ac4b1b42ed14d571b8743dc80ccbf27444f266729df1d6f5b",
                "sha256:5c3c8def4230e1b959671eb959083661b4a0d2e9af93ee339c7dada6759a9470",
                "sha256:5f30427731561ce75d7048ac254dbe47a2ba576229250fb60f0fb74db96501a1",
                "sha256:643843bcc1c50526b3a71cd2ee561cf0d8773f062c8cbaf9ffac9fdf573f83ab",
                "sha256:67c261d6c0a9981820c3a149d255a76918278a6b03b6a036800359aba1256d46",
                "sha256:67f21981ba2f9d7ba9ade60c9e8cbaa8cf8e9ae51673934480e45cf55e953673",
                "sha256:6aaf96c7f8cebc220cdfc03f1d5a31952f027dda050e5a703a0d1c396075e3e7",
                "sha256:7c4068a8c44014b2d55f3c3f574c376b2494ca9cc73d2f1bd692382b6dffe3db",
                "sha256:7c7e5fa88d9ff656e067876e4736379cc962d185d5cd808014a8a928d529ef4e",
                "sha256:7f5ae4f304257569ef3b948810816bc87c9146e8c446053539947eedeaa32786",
                "sha256:82691fda7c3f77c90e62da69ae60b5ac08e87e775b09813559f8901a88266552",
                "sha256:8737609c3bbdd48e380d463134a35ffad3b22dc56295eff6f79fd85bd0eeeb25",
                "sha256:9f411b2c3f3d76bba0865b35a425157c5dcf54937f82bbeb3d3c180789dd66a6",
                "sha256:a6be4cb0ef3b8c9250c19cc122267263093eee7edd4e3fa75395dfda8c17a8e2",
                "sha256:bcb238c9c96c00d3085b264e5c1a1207672577b93fa666c3b14a45240b14123a",
                "sha256:bf2ec4b75d0e9356edea834d1de42b31fe11f726a81dfb2c2112bc1eaa508fcf",
                "sha256:d136337ae3cc69aa5e447e78d8e1514be8c3ec9b54264e680cf0b4bd9011574f",
                "sha256:d4bf4d43077db55589ffc9009c0ba0a94fa4908b9586d6ccce2e0b164c86303c",
                "sha256:d6a96eef20f639e6a97d23e57dd0c1b1069a7b4fd7027482a4c5c451cd7732f4",
                "sha256:d9caa9d5e682102453d96a0ee10c7241b72859b01a941a397fd965f23b3e016b",
                "sha256:dd1c8f6bd65d07d3810b90d02eba7997e32abbdf1277a481d698969e921a3be0",
                "sha256:e31f0bb5928b793169b87e3d1e070f2342b22d5245c755e2b81caa29756246c3",
                "sha256:ecb55251139706669fdec2ff073c98ef8e9a84473e51e716211b41aa0f18e656",
                "sha256:ee5ec40fdd06d62fe5d4084bef4fd50fd4bb6bfd2bf519365f569dc470163ab0",
                "sha256:f17e562de9edf691a42ddb1eb4a5541c20dd3f9e65b09ded2beb0799c0cf29bb",
                "sha256:fdffbfb6832cd0b300995a2b08b8f6fa9f6e856d562800fea9182316d99c4e8e"
            ],
            "markers": "python_version < '3.11' and python_version >= '3.7'",
            "version": "==1.21.6"
        },
        "packaging": {
            "hashes": [
                "sha256:dd47c42927d89ab911e606518907cc2d3a1f38bbd026385970643f9c5b8ecfeb",
                "sha256:ef103e05f519cdc783ae24ea4e2e0f508a9c99b2d4969652eed6a2e1ea5bd522"
            ],
            "markers": "python_full_version >= '3.6.0'",
            "version": "==21.3"
        },
        "pyaml": {
            "hashes": [
                "sha256:10b7406f4d29dceca1bc4540713363e07c18886ac9a44edd3d7720314bdcb0ff",
                "sha256:b3f636b467864319d7ded1558f86bb305b8612a274f5d443a62dc5eceb1b7176"
            ],
            "version": "==19.12.0"
        },
        "pyparsing": {
            "hashes": [
                "sha256:2b020ecf7d21b687f219b71ecad3631f644a47f01403fa1d1036b0c6416d70fb",
                "sha256:5026bae9a10eeaefb61dab2f09052b9f4307d44aee4eda64b309723d8d206bbc"
            ],
            "markers": "python_full_version >= '3.6.8'",
            "version": "==3.0.9"
        },
        "python-crfsuite": {
            "hashes": [
                "sha256:0e03cf6eba3628717ccf06dfa0f4a2ba8628860adb174cbfd250a7a4692865a1",
                "sha256:0f9cea3e565e61007566dc0c6cd343bcf01cd7acd1545fa9ee847991b9d47f9f",
                "sha256:10dde6fd932e4b8f8f06960f040e99f1cb30d78a8aac57cbe26298b6d124ee9f",
                "sha256:1605803e601d80f40ce0b4af42471c456607cf12d26dc4a91f67a1b2bbf4f333",
                "sha256:18c46286c179e642876364f48d92f42ba5172decaf33409f8b26450744c8dd80",
                "sha256:1bc71a57426e0f18e5616abdc4a9adebca919c3aa9fb3268aa35317c82cd144f",
                "sha256:2210ea3936090d023d6770aa1d3b6ba0831153fda34558c99ee3dfe13000b07d",
                "sha256:2d2bea92593876c007969d86bbc0254f6f31b67a085b3f396311290be750b14b",
                "sha256:2dd8812f432d397d19108217f43b2921b2ec5572df51700b34f3035e280b8936",
                "sha256:50d717e0b92a016c29f949c6d2f3c76c7d4d3ec91fe930642c3c918ee88a12ec",
                "sha256:5192d57955e0fbdcba37751617eb6e6c011aaa865f8580aa2792bda58020fee9",
                "sha256:5d34d6f4ced98dcae4042c01bd53ef555f9cf038f9de4d2d49fac15b2f5339f1",
                "sha256:6315d0e64966406377d240e573fd99d3859c0470cdfe5ba08051ba58b8f05dbb",
                "sha256:65fc199148c33ef5ff98f7c826a902b2b5b812030f1cde86d2914e314770acd0",
                "sha256:66b07c616638967e4f45e0b1124f50c255c9ddd48675a84bc556b657ad9bb109",
                "sha256:683856f9093b00fa8a21e0ce9802bd0b98169c843f120a890e7d8a0ab3490804",
                "sha256:6cea8a2a58294f141e12650a63a595d58c3725e33a536b0b12ab427a555ca355",
                "sha256:7b9919abecb94e83dfa9d1a9637767742901f4b81455a667a9e7224f82685e57",
                "sha256:7d78e7d0af233934e6df864090d754be3d505aad26862156b23f5697c64c6285",
                "sha256:7e648326bb5dcdececb22c198a2d4d71da3d208af97b3cf3185a5e0f92cc657e",
                "sha256:80f6dfe9d3a5a46ac395ef283cb77da54057ca8a77282995500be840f37fac7d",
                "sha256:814c9920a87530c9ab56324cad90f69e703dcf399c51e2660584bfdd30a4213b",
                "sha256:821e35e3c554aef9c09cce5d4134d813c2e0257f662102ebaf6998e891ee82a0",
                "sha256:83f6ac190cbc40f2e618b564772b96d789182c044c9f94749f4c4b07bde8c095",
                "sha256:961e55450b401504d7563a6d5dd2f7ddf799c60284a205342a3c4a9eb0da22fd",
                "sha256:a17a618e48a360180c33d1e48f4880b6e0137b709527b565e694e66de80c5aab",
                "sha256:a3fd4598e4ad61fe7b4b628a6ca677e3b2138f8178d9cf1e9a9ed964bc7c4fae",
                "sha256:a9e8ff97148bd9ef573e785e1b2144b44a731e4ae34730b966f9ff805229afb7",
                "sha256:aa8715f34fcd72b34b16116533b0ee156c55a06eef10950a7afb5fc248c8dd61",
                "sha256:ab8ceb0e3cb681c4b60e947692ad7848d1da58ade4fbcd833ee3fc772e997fb9",
                "sha256:b492353069015887b82ec0dd875abfb89e064b301447eec5ae7a3e56056d46ca",
                "sha256:bcd1f65abcf59a14361162ea16386f4a7953c3be791ab1471887bb3fafed7304",
                "sha256:c79688357ef67efbac619048d69abf61eba4c316423ef20d4d2174afcd7e705d",
                "sha256:cabf91e918a155deccc9116661f3cc6a5e5318674f7e0c63d87880d532bedbfc",
                "sha256:cec973c7a1ef75ebeade4e18607c195c922a0276dabeaa4ba134f8576901d04a",
                "sha256:dbf4cbd1babec759b8a3211c3c50507d5f300fa9b5f0c2be1a03246dd1e4c251",
                "sha256:dd45dedce6e77dc231f3de9999df155da6a43da590fdb73b4511dfe207ba76d4",
                "sha256:e13652ca5855bfe48a75811851ea495897742793834aede18d69ca6b2d2526de",
                "sha256:e9822b867071275594a45b39ad14ae03ee673402e7d1b22ba2a3ead800003708",
                "sha256:e984e3aa4e68a5db671562008373f1a07496cfbd9cfd7c79716f44b3eadf5e9e",
                "sha256:ea22ddcbe62797da0ae86f4a700f6215fd2d45e8a3bd38e92956aa9646e5f277",
                "sha256:ee1bde19390ad97efba4b57d5cb869150f27cd32af36da0f886dca61281c724e",
                "sha256:f1d7d20af284f20f8ccc6e019c82a6ce699c29166f2a49e86b648e892e4e0994",
                "sha256:fa2746f2369e93bae8b9186d0bfe1b397bacdc735bb8f0d87a853c599ddcdfd5",
                "sha256:fbb3997d1d029d4b4ecff6162e739cddcccfdb738672aecc79187c0f3ce311fd",
                "sha256:fc10579037376fb00afc5c7827d4dc16f586ad59061b4f069dd83d75dd5653ae"
            ],
            "version": "==0.9.8"
        },
        "pyyaml": {
            "hashes": [
                "sha256:01b45c0191e6d66c470b6cf1b9531a771a83c1c4208272ead47a3ae4f2f603bf",
                "sha256:0283c35a6a9fbf047493e3a0ce8d79ef5030852c51e9d911a27badfde0605293",
                "sha256:055d937d65826939cb044fc8c9b08889e8c743fdc6a32b33e2390f66013e449b",
                "sha256:07751360502caac1c067a8132d150cf3d61339af5691fe9e87803040dbc5db57",
                "sha256:0b4624f379dab24d3725ffde76559cff63d9ec94e1736b556dacdfebe5ab6d4b",
                "sha256:0ce82d761c532fe4ec3f87fc45688bdd3a4c1dc5e0b4a19814b9009a29baefd4",
                "sha256:1e4747bc279b4f613a09eb64bba2ba602d8a6664c6ce6396a4d0cd413a50ce07",
                "sha256:213c60cd50106436cc818accf5baa1aba61c0189ff610f64f4a3e8c6726218ba",
                "sha256:231710d57adfd809ef5d34183b8ed1eeae3f76459c18fb4a0b373ad56bedcdd9",
                "sha256:277a0ef2981ca40581a47093e9e2d13b3f1fbbeffae064c1d21bfceba2030287",
                "sha256:2cd5df3de48857ed0544b34e2d40e9fac445930039f3cfe4bcc592a1f836d513",
                "sha256:40527857252b61eacd1d9af500c3337ba8deb8fc298940291486c465c8b46ec0",
                "sha256:432557aa2c09802be39460360ddffd48156e30721f5e8d917f01d31694216782",
                "sha256:473f9edb243cb1935ab5a084eb238d842fb8f404ed2193a915d1784b5a6b5fc0",
                "sha256:48c346915c114f5fdb3ead70312bd042a953a8ce5c7106d5bfb1a5254e47da92",
                "sha256:50602afada6d6cbfad699b0c7bb50d5ccffa7e46a3d738092afddc1f9758427f",
                "sha256:68fb519c14306fec9720a2a5b45bc9f0c8d1b9c72adf45c37baedfcd949c35a2",
                "sha256:77f396e6ef4c73fdc33a9157446466f1cff553d979bd00ecb64385760c6babdc",
                "sha256:81957921f441d50af23654aa6c5e5eaf9b06aba7f0a19c18a538dc7ef291c5a1",
                "sha256:819b3830a1543db06c4d4b865e70ded25be52a2e0631ccd2f6a47a2822f2fd7c",
                "sha256:897b80890765f037df3403d22bab41627ca8811ae55e9a722fd0392850ec4d86",
                "sha256:98c4d36e99714e55cfbaaee6dd5badbc9a1ec339ebfc3b1f52e293aee6bb71a4",
                "sha256:9df7ed3b3d2e0ecfe09e14741b857df43adb5a3ddadc919a2d94fbdf78fea53c",
                "sha256:9fa600030013c4de8165339db93d182b9431076eb98eb40ee068700c9c813e34",
                "sha256:a80a78046a72361de73f8f395f1f1e49f956c6be882eed58505a15f3e430962b",
                "sha256:afa17f5bc4d1b10afd4466fd3a44dc0e245382deca5b3c353d8b757f9e3ecb8d",
                "sha256:b3d267842bf12586ba6c734f89d1f5b871df0273157918b0ccefa29deb05c21c",
                "sha256:b5b9eccad747aabaaffbc6064800670f0c297e52c12754eb1d976c57e4f74dcb",
                "sha256:bfaef573a63ba8923503d27530362590ff4f576c626d86a9fed95822a8255fd7",
                "sha256:c5687b8d43cf58545ade1fe3e055f70eac7a5a1a0bf42824308d868289a95737",
                "sha256:cba8c411ef271aa037d7357a2bc8f9ee8b58b9965831d9e51baf703280dc73d3",
                "sha256:d15a181d1ecd0d4270dc32edb46f7cb7733c7c508857278d3d378d14d606db2d",
                "sha256:d4b0ba9512519522b118090257be113b9468d804b19d63c71dbcf4a48fa32358",
                "sha256:d4db7c7aef085872ef65a8fd7d6d09a14ae91f691dec3e87ee5ee0539d516f53",
                "sha256:d4eccecf9adf6fbcc6861a38015c2a64f38b9d94838ac1810a9023a0609e1b78",
                "sha256:d67d839ede4ed1b28a4e8909735fc992a923cdb84e618544973d7dfc71540803",
                "sha256:daf496c58a8c52083df09b80c860005194014c3698698d1a57cbcfa182142a3a",
                "sha256:dbad0e9d368bb989f4515da330b88a057617d16b6a8245084f1b05400f24609f",
                "sha256:e61ceaab6f49fb8bdfaa0f92c4b57bcfbea54c09277b1b4f7ac376bfb7a7c174",
                "sha256:f84fbc98b019fef2ee9a1cb3ce93e3187a6df0b2538a651bfb890254ba9f90b5"
            ],
            "markers": "python_full_version >= '3.6.0'",
            "version": "==6.0"
        },
        "requests": {
            "hashes": [
                "sha256:7c5599b102feddaa661c826c56ab4fee28bfd17f5abca1ebbe3e7f19d7c97983",
                "sha256:8fefa2a1a1365bf5520aac41836fbee479da67864514bdb821f31ce07ce65349"
            ],
            "markers": "python_version >= '3.7' and python_version < '4'",
            "version": "==2.28.1"
        },
        "scikit-learn": {
            "hashes": [
                "sha256:1bf45e62799b6938357cfce19f72e3751448c4b27010e4f98553da669b5bbd86",
                "sha256:267ad874b54c67b479c3b45eb132ef4a56ab2b27963410624a413a4e2a3fc388",
                "sha256:2d1bb83d6c51a81193d8a6b5f31930e2959c0e1019d49bdd03f54163735dae4b",
                "sha256:349ba3d837fb3f7cb2b91486c43713e4b7de17f9e852f165049b1b7ac2f81478",
                "sha256:3f4d8eea3531d3eaf613fa33f711113dfff6021d57a49c9d319af4afb46f72f0",
                "sha256:4990f0e166292d2a0f0ee528233723bcfd238bfdb3ec2512a9e27f5695362f35",
                "sha256:57538d138ba54407d21e27c306735cbd42a6aae0df6a5a30c7a6edde46b0017d",
                "sha256:5b722e8bb708f254af028dc2da86d23df5371cba57e24f889b672e7b15423caa",
                "sha256:6043e2c4ccfc68328c331b0fc19691be8fb02bd76d694704843a23ad651de902",
                "sha256:672ea38eb59b739a8907ec063642b486bcb5a2073dda5b72b7983eeaf1fd67c1",
                "sha256:73207dca6e70f8f611f28add185cf3a793c8232a1722f21d82259560dc35cd50",
                "sha256:83fc104a799cb340054e485c25dfeee712b36f5638fb374eba45a9db490f16ff",
                "sha256:8416150ab505f1813da02cdbdd9f367b05bfc75cf251235015bb09f8674358a0",
                "sha256:84e759a766c315deb5c85139ff879edbb0aabcddb9358acf499564ed1c21e337",
                "sha256:8ed66ab27b3d68e57bb1f315fc35e595a5c4a1f108c3420943de4d18fc40e615",
                "sha256:a7f8aa93f61aaad080b29a9018db93ded0586692c03ddf2122e47dd1d3a14e1b",
                "sha256:ddd3bf82977908ff69303115dd5697606e669d8a7eafd7d83bb153ef9e11bd5e",
                "sha256:de9933297f8659ee3bb330eafdd80d74cd73d5dab39a9026b65a4156bc479063",
                "sha256:ea91a70a992ada395efc3d510cf011dc2d99dc9037bb38cd1cb00e14745005f5",
                "sha256:eb4c9f0019abb374a2e55150f070a333c8f990b850d1eb4dfc2765fc317ffc7c",
                "sha256:ffce8abfdcd459e72e5b91727b247b401b22253cbd18d251f842a60e26262d6f"
            ],
            "markers": "python_version >= '3.5'",
            "version": "==0.22.2.post1"
        },
        "scipy": {
            "hashes": [
                "sha256:033ce76ed4e9f62923e1f8124f7e2b0800db533828c853b402c7eec6e9465d80",
                "sha256:173308efba2270dcd61cd45a30dfded6ec0085b4b6eb33b5eb11ab443005e088",
                "sha256:21b66200cf44b1c3e86495e3a436fc7a26608f92b8d43d344457c54f1c024cbc",
                "sha256:2c56b820d304dffcadbbb6cbfbc2e2c79ee46ea291db17e288e73cd3c64fefa9",
                "sha256:304dfaa7146cffdb75fbf6bb7c190fd7688795389ad060b970269c8576d038e9",
                "sha256:3f78181a153fa21c018d346f595edd648344751d7f03ab94b398be2ad083ed3e",
                "sha256:4d242d13206ca4302d83d8a6388c9dfce49fc48fdd3c20efad89ba12f785bf9e",
                "sha256:5d1cc2c19afe3b5a546ede7e6a44ce1ff52e443d12b231823268019f608b9b12",
                "sha256:5f2cfc359379c56b3a41b17ebd024109b2049f878badc1e454f31418c3a18436",
                "sha256:65bd52bf55f9a1071398557394203d881384d27b9c2cad7df9a027170aeaef93",
                "sha256:7edd9a311299a61e9919ea4192dd477395b50c014cdc1a1ac572d7c27e2207fa",
                "sha256:8499d9dd1459dc0d0fe68db0832c3d5fc1361ae8e13d05e6849b358dc3f2c279",
                "sha256:866ada14a95b083dd727a845a764cf95dd13ba3dc69a16b99038001b05439709",
                "sha256:87069cf875f0262a6e3187ab0f419f5b4280d3dcf4811ef9613c605f6e4dca95",
                "sha256:93378f3d14fff07572392ce6a6a2ceb3a1f237733bd6dcb9eb6a2b29b0d19085",
                "sha256:95c2d250074cfa76715d58830579c64dff7354484b284c2b8b87e5a38321672c",
                "sha256:ab5875facfdef77e0a47d5fd39ea178b58e60e454a4c85aa1e52fcb80db7babf",
                "sha256:b0e0aeb061a1d7dcd2ed59ea57ee56c9b23dd60100825f98238c06ee5cc4467e",
                "sha256:b78a35c5c74d336f42f44106174b9851c783184a85a3fe3e68857259b37b9ffb",
                "sha256:c9e04d7e9b03a8a6ac2045f7c5ef741be86727d8f49c45db45f244bdd2bcff17",
                "sha256:ca36e7d9430f7481fc7d11e015ae16fbd5575615a8e9060538104778be84addf",
                "sha256:ceebc3c4f6a109777c0053dfa0282fddb8893eddfb0d598574acfb734a926168",
                "sha256:e2c036492e673aad1b7b0d0ccdc0cb30a968353d2c4bf92ac8e73509e1bf212c",
                "sha256:eb326658f9b73c07081300daba90a8746543b5ea177184daed26528273157294",
                "sha256:eb7ae2c4dbdb3c9247e07acc532f91077ae6dbc40ad5bd5dca0bb5a176ee9bda",
                "sha256:edad1cf5b2ce1912c4d8ddad20e11d333165552aba262c882e28c78bbc09dbf6",
                "sha256:eef93a446114ac0193a7b714ce67659db80caf940f3232bad63f4c7a81bc18df",
                "sha256:f7eaea089345a35130bc9a39b89ec1ff69c208efa97b3f8b25ea5d4c41d88094",
                "sha256:f99d206db1f1ae735a8192ab93bd6028f3a42f6fa08467d37a14eb96c9dd34a3"
            ],
            "markers": "python_version < '3.11' and python_version >= '3.7'",
            "version": "==1.7.3"
        },
        "six": {
            "hashes": [
                "sha256:1e61c37477a1626458e36f7b1d82aa5c9b094fa4802892072e49de9c60c4c926",
                "sha256:8abb2f1d86890a2dfb989f9a77cfcfd3e47c2a354b01111771326f8aa26e0254"
            ],
            "markers": "python_version >= '2.7' and python_version not in '3.0, 3.1, 3.2, 3.3'",
            "version": "==1.16.0"
        },
        "sklearn-crfsuite": {
            "hashes": [
                "sha256:2f59aad3055e01a778a79a6352891cac04788e8b52688aa5bc8b11be7717861e",
                "sha256:6e9a42bc3de96941d5f7262335130955b8c380b1356147622368f385075705d9"
            ],
            "version": "==0.3.6"
        },
        "snips-nlu": {
            "hashes": [
                "sha256:2afb147be0e3c52094c2420e40c8cb005b26aa70262d3dacd278856b6d0fd6d7",
                "sha256:6160e8c35f4ae731f0864e0a0b9494a53dfb27d50d08c92767125b4379f647ab"
            ],
            "index": "pypi",
            "version": "==0.20.2"
        },
        "snips-nlu-parsers": {
            "hashes": [
                "sha256:0395a8c4e627c2a01f7d56ee28a4ef4dfc6ead9c530a5eced7f29ad8246957f7",
                "sha256:0f464db5d8b93b87310c7009483d30e245b70443d5bc237da95e954c31e900f9",
                "sha256:26bdeb483ae16e27581c51c37cf5ece9be6c03b7578637ce2d7c1656d598cdc7",
                "sha256:36f10766c6fb168366daa99ffffc9edc91d7deb98b21b1f9414c712f14b861ee",
                "sha256:398960a6e072beded20bd53eb0649836434d2a992a87d86702d8f4a1873d659e",
                "sha256:39bedd5881834658d94c3a3e263325ec852ff18cb6afa3acea124d8390d8984a",
                "sha256:472c457eec82eab7c632c1fa5023478b61b09df7600782f7b9a59e18d7262e92",
                "sha256:5c29fcc6ae0b7b8ae1d93d5902a7a2fbc526014b44345e0dc0ba3960b7470037",
                "sha256:615ab5ad01cefafb6e16e097a1951896629a78243de5daf4b37b79c1eb7fbc46",
                "sha256:7ab39d9f5808a0cb19bfb07568a0dd808513823222a3165a6cfbca8cbbc1ce0e",
                "sha256:90279917ad29f042f7e309a5371907b1d7310e2bdadb7d8f1de205d453266da4",
                "sha256:926613e2e1f290b8666dcad42f92766ae213c54003bf88df2e4fbc79396b111a",
                "sha256:95959113f6fcfb1f8b1356e32439e93a7f4e7a9ac3105137b48c510e044aa532",
                "sha256:96f0086a33f210ff522cb69b4274e5eac49fa1d3d4f5aa73637bcbbe19b6e038",
                "sha256:d4bc21ac94cd5c027414db764b86949566c995df22b02215071334fc5f4d60dc",
                "sha256:d785101239839a1b5123c40921d60dc0ffd46f964f25c19d3d7a146c4af6652a",
                "sha256:dac0a5462141fd21b03d5f31ae4c6ace9f21b435248f5e202ae9054f4ffa714d",
                "sha256:fe367e01b437a94831259410cb562d5efa31c8b38db4abaf003c19e1ed2dcec2"
            ],
            "version": "==0.4.3"
        },
        "snips-nlu-utils": {
            "hashes": [
                "sha256:04b9128a0cf029e73e686eadb8cd733d58533e75a7398ef9af853725055d596f",
                "sha256:21ef1d2c1325525830514912b8b71357a114e300f741a3864e73409bf1c4e3b6",
                "sha256:237b38222943a2bc50b3f6acb8da66ea12a45273a8a15e30f00151bb58aebd19",
                "sha256:26c5adfede3d97dee99f2817598758f615ce1c7af1633f24b921b489e39a5520",
                "sha256:285ac105cfa40b3cd71948c5e1cf45e71b4eb64be4f866bda920929ccd1bde7d",
                "sha256:2ea5ce18f264a7e3bcef3e47391148f05ad7e78a583c9c707bb9742b0ce8dcd9",
                "sha256:302d14333a46b6389619c848cbbe658510467546bc66d98460c90b153ef91c4c",
                "sha256:37a6e4c0557b799296b856ab5ada584363b4ff8e6fb92c63a1e969314f376937",
                "sha256:4110ecd72843a165ab9856e778c4e874eeaa673d39265780b542fe534767d773",
                "sha256:4da6117e449ff2d99fb49276932e550b1bf6e070217a9ade4fab4c62f0101f56",
                "sha256:5225885c7427d4018e64df9683014eff7c39403b53795f2feea8260954152c28",
                "sha256:76e4b1da9d53743662be7c8e6fd188c5f48b89f6c9e27ff5ed5daa336328183d",
                "sha256:7740cd02d2a7a3427456813e6bf1dab0145d906dfdbb698e62dee0db7aef0baf",
                "sha256:93b2d5f235d47199d0e3fec0d61abc97560f10f8339570d3bfffb2d5e948db7c",
                "sha256:96bf20413beac4effb468a9dcb87a316e8c8ca92ed5c61dadb6d3e5c84fc9775",
                "sha256:9bd726792e08d08ae922552cfc9d2f2665a7a7fa103b8cc408c6d2473fa29a97",
                "sha256:ae00975a84b57f388170dd6be87c6400eda463713fc11e227944ddab8e261634",
                "sha256:b1e6fc56cbd40bc04adea2c5a20ed78cfacf81adcfffb28c322245d98332c4c2",
                "sha256:c870f4a6fa61bdc149154ab61a10e2581b4fce35e3ea2cd03deb2f550df360c4",
                "sha256:ef6960222d1908f4817f25aee2ddf4cb8fd2b1c07baab24a82702f3fc73dd700"
            ],
            "version": "==0.9.1"
        },
        "tabulate": {
            "hashes": [
                "sha256:0ba055423dbaa164b9e456abe7920c5e8ed33fcc16f6d1b2f2d152c8e1e8b4fc",
                "sha256:436f1c768b424654fce8597290d2764def1eea6a77cfa5c33be00b1bc0f4f63d",
                "sha256:6c57f3f3dd7ac2782770155f3adb2db0b1a269637e42f27599925e64b114f519"
            ],
            "markers": "python_version >= '2.7' and python_version not in '3.0, 3.1, 3.2, 3.3, 3.4'",
            "version": "==0.8.10"
        },
        "tqdm": {
            "hashes": [
                "sha256:5f4f682a004951c1b450bc753c710e9280c5746ce6ffedee253ddbcbf54cf1e4",
                "sha256:6fee160d6ffcd1b1c68c65f14c829c22832bc401726335ce92c52d395944a6a1"
            ],
            "markers": "python_version >= '2.7' and python_version not in '3.0, 3.1, 3.2, 3.3'",
            "version": "==4.64.1"
        },
        "urllib3": {
            "hashes": [
                "sha256:3fa96cf423e6987997fc326ae8df396db2a8b7c667747d47ddd8ecba91f4a74e",
                "sha256:b930dd878d5a8afb066a637fbb35144fe7901e3b209d1cd4f524bd0e9deee997"
            ],
            "markers": "python_version >= '2.7' and python_version not in '3.0, 3.1, 3.2, 3.3, 3.4, 3.5' and python_version < '4'",
            "version": "==1.26.12"
        }
    },
    "develop": {}
}
